
Microsoft Visual Studio Solution File, Format Version 12.00
# Visual Studio Version 16
VisualStudioVersion = 16.0.31911.196
MinimumVisualStudioVersion = 10.0.40219.1
Project("{FAE04EC0-301F-11D3-BF4B-00C04F79EFBC}") = "Task1", "Task.CSharpBase\Task1.csproj", "{8423E100-00E2-4650-BE9D-F7AA2CB367B0}"
EndProject
Project("{2150E333-8FDC-42A3-9474-1A3956D46DE8}") = "Task1.CSharpBase", "Task1.CSharpBase", "{B5BEE42D-F402-4533-B4EB-D5925AB1C95E}"
EndProject
Project("{FAE04EC0-301F-11D3-BF4B-00C04F79EFBC}") = "Task2", "Task2\Task2.csproj", "{2423BCAE-B633-49B1-8AF7-B19729913842}"
EndProject
Project("{FAE04EC0-301F-11D3-BF4B-00C04F79EFBC}") = "Task3", "Task3\Task3.csproj", "{D45CF48F-741C-4D82-9B1B-42D0A8C79F85}"
EndProject
Project("{FAE04EC0-301F-11D3-BF4B-00C04F79EFBC}") = "Task4", "Task4\Task4.csproj", "{1279C59D-FEF8-46A2-BB8D-8FCC6EEF279C}"
EndProject
Project("{FAE04EC0-301F-11D3-BF4B-00C04F79EFBC}") = "Task5", "Task5\Task5.csproj", "{E3AB5256-9BF6-41A3-A0A6-749C2C33CA3C}"
EndProject
Project("{FAE04EC0-301F-11D3-BF4B-00C04F79EFBC}") = "Task6", "Task6\Task6.csproj", "{30DD71AA-279C-41F0-84A5-1A0688AD0968}"
EndProject
Global
	GlobalSection(SolutionConfigurationPlatforms) = preSolution
		CheckIn|Any CPU = CheckIn|Any CPU
		Debug|Any CPU = Debug|Any CPU
		Release|Any CPU = Release|Any CPU
	EndGlobalSection
	GlobalSection(ProjectConfigurationPlatforms) = postSolution
		{8423E100-00E2-4650-BE9D-F7AA2CB367B0}.CheckIn|Any CPU.ActiveCfg = CheckIn|Any CPU
		{8423E100-00E2-4650-BE9D-F7AA2CB367B0}.CheckIn|Any CPU.Build.0 = CheckIn|Any CPU
		{8423E100-00E2-4650-BE9D-F7AA2CB367B0}.Debug|Any CPU.ActiveCfg = Debug|Any CPU
		{8423E100-00E2-4650-BE9D-F7AA2CB367B0}.Debug|Any CPU.Build.0 = Debug|Any CPU
		{8423E100-00E2-4650-BE9D-F7AA2CB367B0}.Release|Any CPU.ActiveCfg = Release|Any CPU
		{8423E100-00E2-4650-BE9D-F7AA2CB367B0}.Release|Any CPU.Build.0 = Release|Any CPU
		{2423BCAE-B633-49B1-8AF7-B19729913842}.CheckIn|Any CPU.ActiveCfg = Debug|Any CPU
		{2423BCAE-B633-49B1-8AF7-B19729913842}.CheckIn|Any CPU.Build.0 = Debug|Any CPU
		{2423BCAE-B633-49B1-8AF7-B19729913842}.Debug|Any CPU.ActiveCfg = Debug|Any CPU
		{2423BCAE-B633-49B1-8AF7-B19729913842}.Debug|Any CPU.Build.0 = Debug|Any CPU
		{2423BCAE-B633-49B1-8AF7-B19729913842}.Release|Any CPU.ActiveCfg = Release|Any CPU
		{2423BCAE-B633-49B1-8AF7-B19729913842}.Release|Any CPU.Build.0 = Release|Any CPU
		{D45CF48F-741C-4D82-9B1B-42D0A8C79F85}.CheckIn|Any CPU.ActiveCfg = Debug|Any CPU
		{D45CF48F-741C-4D82-9B1B-42D0A8C79F85}.CheckIn|Any CPU.Build.0 = Debug|Any CPU
		{D45CF48F-741C-4D82-9B1B-42D0A8C79F85}.Debug|Any CPU.ActiveCfg = Debug|Any CPU
		{D45CF48F-741C-4D82-9B1B-42D0A8C79F85}.Debug|Any CPU.Build.0 = Debug|Any CPU
		{D45CF48F-741C-4D82-9B1B-42D0A8C79F85}.Release|Any CPU.ActiveCfg = Release|Any CPU
		{D45CF48F-741C-4D82-9B1B-42D0A8C79F85}.Release|Any CPU.Build.0 = Release|Any CPU
		{1279C59D-FEF8-46A2-BB8D-8FCC6EEF279C}.CheckIn|Any CPU.ActiveCfg = Debug|Any CPU
		{1279C59D-FEF8-46A2-BB8D-8FCC6EEF279C}.CheckIn|Any CPU.Build.0 = Debug|Any CPU
		{1279C59D-FEF8-46A2-BB8D-8FCC6EEF279C}.Debug|Any CPU.ActiveCfg = Debug|Any CPU
		{1279C59D-FEF8-46A2-BB8D-8FCC6EEF279C}.Debug|Any CPU.Build.0 = Debug|Any CPU
		{1279C59D-FEF8-46A2-BB8D-8FCC6EEF279C}.Release|Any CPU.ActiveCfg = Release|Any CPU
		{1279C59D-FEF8-46A2-BB8D-8FCC6EEF279C}.Release|Any CPU.Build.0 = Release|Any CPU
		{E3AB5256-9BF6-41A3-A0A6-749C2C33CA3C}.CheckIn|Any CPU.ActiveCfg = Debug|Any CPU
		{E3AB5256-9BF6-41A3-A0A6-749C2C33CA3C}.CheckIn|Any CPU.Build.0 = Debug|Any CPU
		{E3AB5256-9BF6-41A3-A0A6-749C2C33CA3C}.Debug|Any CPU.ActiveCfg = Debug|Any CPU
		{E3AB5256-9BF6-41A3-A0A6-749C2C33CA3C}.Debug|Any CPU.Build.0 = Debug|Any CPU
		{E3AB5256-9BF6-41A3-A0A6-749C2C33CA3C}.Release|Any CPU.ActiveCfg = Release|Any CPU
		{E3AB5256-9BF6-41A3-A0A6-749C2C33CA3C}.Release|Any CPU.Build.0 = Release|Any CPU
		{30DD71AA-279C-41F0-84A5-1A0688AD0968}.CheckIn|Any CPU.ActiveCfg = Debug|Any CPU
		{30DD71AA-279C-41F0-84A5-1A0688AD0968}.CheckIn|Any CPU.Build.0 = Debug|Any CPU
		{30DD71AA-279C-41F0-84A5-1A0688AD0968}.Debug|Any CPU.ActiveCfg = Debug|Any CPU
		{30DD71AA-279C-41F0-84A5-1A0688AD0968}.Debug|Any CPU.Build.0 = Debug|Any CPU
		{30DD71AA-279C-41F0-84A5-1A0688AD0968}.Release|Any CPU.ActiveCfg = Release|Any CPU
		{30DD71AA-279C-41F0-84A5-1A0688AD0968}.Release|Any CPU.Build.0 = Release|Any CPU
	EndGlobalSection
	GlobalSection(SolutionProperties) = preSolution
		HideSolutionNode = FALSE
	EndGlobalSection
	GlobalSection(NestedProjects) = preSolution
		{8423E100-00E2-4650-BE9D-F7AA2CB367B0} = {B5BEE42D-F402-4533-B4EB-D5925AB1C95E}
		{2423BCAE-B633-49B1-8AF7-B19729913842} = {B5BEE42D-F402-4533-B4EB-D5925AB1C95E}
		{D45CF48F-741C-4D82-9B1B-42D0A8C79F85} = {B5BEE42D-F402-4533-B4EB-D5925AB1C95E}
		{1279C59D-FEF8-46A2-BB8D-8FCC6EEF279C} = {B5BEE42D-F402-4533-B4EB-D5925AB1C95E}
		{E3AB5256-9BF6-41A3-A0A6-749C2C33CA3C} = {B5BEE42D-F402-4533-B4EB-D5925AB1C95E}
		{30DD71AA-279C-41F0-84A5-1A0688AD0968} = {B5BEE42D-F402-4533-B4EB-D5925AB1C95E}
	EndGlobalSection
	GlobalSection(ExtensibilityGlobals) = postSolution
		SolutionGuid = {6040CF53-222E-4919-8056-F84328B68295}
	EndGlobalSection
EndGlobal
